// !$*UTF8*$!
{
	archiveVersion = 1;
	classes = {
	};
	objectVersion = 50;
	objects = {

/* Begin PBXBuildFile section */
		D96C25312685480700E633F7 /* FruitModel.swift in Sources */ = {isa = PBXBuildFile; fileRef = D96C25302685480700E633F7 /* FruitModel.swift */; };
		D96C25362685493600E633F7 /* FruitData.swift in Sources */ = {isa = PBXBuildFile; fileRef = D96C25352685493600E633F7 /* FruitData.swift */; };
		D98982922683F14400DB0D8D /* FruitCardView.swift in Sources */ = {isa = PBXBuildFile; fileRef = D98982912683F14400DB0D8D /* FruitCardView.swift */; };
		D98982972683F6F700DB0D8D /* StartButtonView.swift in Sources */ = {isa = PBXBuildFile; fileRef = D98982962683F6F700DB0D8D /* StartButtonView.swift */; };
		D989829A2683FE7000DB0D8D /* OnBoardingApp.swift in Sources */ = {isa = PBXBuildFile; fileRef = D98982992683FE7000DB0D8D /* OnBoardingApp.swift */; };
		D9AC78F2268215E8006D2007 /* FructusApp.swift in Sources */ = {isa = PBXBuildFile; fileRef = D9AC78F1268215E8006D2007 /* FructusApp.swift */; };
		D9AC78F4268215E8006D2007 /* ContentView.swift in Sources */ = {isa = PBXBuildFile; fileRef = D9AC78F3268215E8006D2007 /* ContentView.swift */; };
		D9AC78F6268215E9006D2007 /* Assets.xcassets in Resources */ = {isa = PBXBuildFile; fileRef = D9AC78F5268215E9006D2007 /* Assets.xcassets */; };
		D9AC78F9268215E9006D2007 /* Preview Assets.xcassets in Resources */ = {isa = PBXBuildFile; fileRef = D9AC78F8268215E9006D2007 /* Preview Assets.xcassets */; };
/* End PBXBuildFile section */

/* Begin PBXFileReference section */
		D96C25302685480700E633F7 /* FruitModel.swift */ = {isa = PBXFileReference; lastKnownFileType = sourcecode.swift; path = FruitModel.swift; sourceTree = "<group>"; };
		D96C25352685493600E633F7 /* FruitData.swift */ = {isa = PBXFileReference; lastKnownFileType = sourcecode.swift; path = FruitData.swift; sourceTree = "<group>"; };
		D98982912683F14400DB0D8D /* FruitCardView.swift */ = {isa = PBXFileReference; lastKnownFileType = sourcecode.swift; path = FruitCardView.swift; sourceTree = "<group>"; };
		D98982962683F6F700DB0D8D /* StartButtonView.swift */ = {isa = PBXFileReference; lastKnownFileType = sourcecode.swift; path = StartButtonView.swift; sourceTree = "<group>"; };
		D98982992683FE7000DB0D8D /* OnBoardingApp.swift */ = {isa = PBXFileReference; lastKnownFileType = sourcecode.swift; path = OnBoardingApp.swift; sourceTree = "<group>"; };
		D9AC78EE268215E8006D2007 /* Fructus.app */ = {isa = PBXFileReference; explicitFileType = wrapper.application; includeInIndex = 0; path = Fructus.app; sourceTree = BUILT_PRODUCTS_DIR; };
		D9AC78F1268215E8006D2007 /* FructusApp.swift */ = {isa = PBXFileReference; lastKnownFileType = sourcecode.swift; path = FructusApp.swift; sourceTree = "<group>"; };
		D9AC78F3268215E8006D2007 /* ContentView.swift */ = {isa = PBXFileReference; lastKnownFileType = sourcecode.swift; path = ContentView.swift; sourceTree = "<group>"; };
		D9AC78F5268215E9006D2007 /* Assets.xcassets */ = {isa = PBXFileReference; lastKnownFileType = folder.assetcatalog; path = Assets.xcassets; sourceTree = "<group>"; };
		D9AC78F8268215E9006D2007 /* Preview Assets.xcassets */ = {isa = PBXFileReference; lastKnownFileType = folder.assetcatalog; path = "Preview Assets.xcassets"; sourceTree = "<group>"; };
		D9AC78FA268215E9006D2007 /* Info.plist */ = {isa = PBXFileReference; lastKnownFileType = text.plist.xml; path = Info.plist; sourceTree = "<group>"; };
/* End PBXFileReference section */

/* Begin PBXFrameworksBuildPhase section */
		D9AC78EB268215E7006D2007 /* Frameworks */ = {
			isa = PBXFrameworksBuildPhase;
			buildActionMask = 2147483647;
			files = (
			);
			runOnlyForDeploymentPostprocessing = 0;
		};
/* End PBXFrameworksBuildPhase section */

/* Begin PBXGroup section */
		D96C252F268547F300E633F7 /* Model */ = {
			isa = PBXGroup;
			children = (
				D96C25302685480700E633F7 /* FruitModel.swift */,
			);
			path = Model;
			sourceTree = "<group>";
		};
		D96C25342685492400E633F7 /* DataModel */ = {
			isa = PBXGroup;
			children = (
				D96C25352685493600E633F7 /* FruitData.swift */,
			);
			path = DataModel;
			sourceTree = "<group>";
		};
		D989828E2683F10600DB0D8D /* App */ = {
			isa = PBXGroup;
			children = (
				D9AC78F1268215E8006D2007 /* FructusApp.swift */,
				D9AC78F3268215E8006D2007 /* ContentView.swift */,
				D98982992683FE7000DB0D8D /* OnBoardingApp.swift */,
			);
			path = App;
			sourceTree = "<group>";
		};
		D98982902683F13600DB0D8D /* View */ = {
			isa = PBXGroup;
			children = (
				D98982912683F14400DB0D8D /* FruitCardView.swift */,
				D98982962683F6F700DB0D8D /* StartButtonView.swift */,
			);
			path = View;
			sourceTree = "<group>";
		};
		D9AC78E5268215E7006D2007 = {
			isa = PBXGroup;
			children = (
				D9AC78F0268215E8006D2007 /* Fructus */,
				D9AC78EF268215E8006D2007 /* Products */,
			);
			sourceTree = "<group>";
		};
		D9AC78EF268215E8006D2007 /* Products */ = {
			isa = PBXGroup;
			children = (
				D9AC78EE268215E8006D2007 /* Fructus.app */,
			);
			name = Products;
			sourceTree = "<group>";
		};
		D9AC78F0268215E8006D2007 /* Fructus */ = {
			isa = PBXGroup;
			children = (
				D96C25342685492400E633F7 /* DataModel */,
				D96C252F268547F300E633F7 /* Model */,
				D98982902683F13600DB0D8D /* View */,
				D989828E2683F10600DB0D8D /* App */,
				D9AC78F5268215E9006D2007 /* Assets.xcassets */,
				D9AC78FA268215E9006D2007 /* Info.plist */,
				D9AC78F7268215E9006D2007 /* Preview Content */,
			);
			path = Fructus;
			sourceTree = "<group>";
		};
		D9AC78F7268215E9006D2007 /* Preview Content */ = {
			isa = PBXGroup;
			children = (
				D9AC78F8268215E9006D2007 /* Preview Assets.xcassets */,
			);
			path = "Preview Content";
			sourceTree = "<group>";
		};
/* End PBXGroup section */

/* Begin PBXNativeTarget section */
		D9AC78ED268215E7006D2007 /* Fructus */ = {
			isa = PBXNativeTarget;
			buildConfigurationList = D9AC78FD268215E9006D2007 /* Build configuration list for PBXNativeTarget "Fructus" */;
			buildPhases = (
				D9AC78EA268215E7006D2007 /* Sources */,
				D9AC78EB268215E7006D2007 /* Frameworks */,
				D9AC78EC268215E7006D2007 /* Resources */,
			);
			buildRules = (
			);
			dependencies = (
			);
			name = Fructus;
			productName = Fructus;
			productReference = D9AC78EE268215E8006D2007 /* Fructus.app */;
			productType = "com.apple.product-type.application";
		};
/* End PBXNativeTarget section */

/* Begin PBXProject section */
		D9AC78E6268215E7006D2007 /* Project object */ = {
			isa = PBXProject;
			attributes = {
				LastSwiftUpdateCheck = 1240;
				LastUpgradeCheck = 1240;
				TargetAttributes = {
					D9AC78ED268215E7006D2007 = {
						CreatedOnToolsVersion = 12.4;
					};
				};
			};
			buildConfigurationList = D9AC78E9268215E7006D2007 /* Build configuration list for PBXProject "Fructus" */;
			compatibilityVersion = "Xcode 9.3";
			developmentRegion = en;
			hasScannedForEncodings = 0;
			knownRegions = (
				en,
				Base,
			);
			mainGroup = D9AC78E5268215E7006D2007;
			productRefGroup = D9AC78EF268215E8006D2007 /* Products */;
			projectDirPath = "";
			projectRoot = "";
			targets = (
				D9AC78ED268215E7006D2007 /* Fructus */,
			);
		};
/* End PBXProject section */

/* Begin PBXResourcesBuildPhase section */
		D9AC78EC268215E7006D2007 /* Resources */ = {
			isa = PBXResourcesBuildPhase;
			buildActionMask = 2147483647;
			files = (
				D9AC78F9268215E9006D2007 /* Preview Assets.xcassets in Resources */,
				D9AC78F6268215E9006D2007 /* Assets.xcassets in Resources */,
			);
			runOnlyForDeploymentPostprocessing = 0;
		};
/* End PBXResourcesBuildPhase section */

/* Begin PBXSourcesBuildPhase section */
		D9AC78EA268215E7006D2007 /* Sources */ = {
			isa = PBXSourcesBuildPhase;
			buildActionMask = 2147483647;
			files = (
				D96C25362685493600E633F7 /* FruitData.swift in Sources */,
				D98982922683F14400DB0D8D /* FruitCardView.swift in Sources */,
				D989829A2683FE7000DB0D8D /* OnBoardingApp.swift in Sources */,
				D98982972683F6F700DB0D8D /* StartButtonView.swift in Sources */,
				D9AC78F4268215E8006D2007 /* ContentView.swift in Sources */,
				D96C25312685480700E633F7 /* FruitModel.swift in Sources */,
				D9AC78F2268215E8006D2007 /* FructusApp.swift in Sources */,
			);
			runOnlyForDeploymentPostprocessing = 0;
		};
/* End PBXSourcesBuildPhase section */

/* Begin XCBuildConfiguration section */
		D9AC78FB268215E9006D2007 /* Debug */ = {
			isa = XCBuildConfiguration;
			buildSettings = {
				ALWAYS_SEARCH_USER_PATHS = NO;
				CLANG_ANALYZER_NONNULL = YES;
				CLANG_ANALYZER_NUMBER_OBJECT_CONVERSION = YES_AGGRESSIVE;
				CLANG_CXX_LANGUAGE_STANDARD = "gnu++14";
				CLANG_CXX_LIBRARY = "libc++";
				CLANG_ENABLE_MODULES = YES;
				CLANG_ENABLE_OBJC_ARC = YES;
				CLANG_ENABLE_OBJC_WEAK = YES;
				CLANG_WARN_BLOCK_CAPTURE_AUTORELEASING = YES;
				CLANG_WARN_BOOL_CONVERSION = YES;
				CLANG_WARN_COMMA = YES;
				CLANG_WARN_CONSTANT_CONVERSION = YES;
				CLANG_WARN_DEPRECATED_OBJC_IMPLEMENTATIONS = YES;
				CLANG_WARN_DIRECT_OBJC_ISA_USAGE = YES_ERROR;
				CLANG_WARN_DOCUMENTATION_COMMENTS = YES;
				CLANG_WARN_EMPTY_BODY = YES;
				CLANG_WARN_ENUM_CONVERSION = YES;
				CLANG_WARN_INFINITE_RECURSION = YES;
				CLANG_WARN_INT_CONVERSION = YES;
				CLANG_WARN_NON_LITERAL_NULL_CONVERSION = YES;
				CLANG_WARN_OBJC_IMPLICIT_RETAIN_SELF = YES;
				CLANG_WARN_OBJC_LITERAL_CONVERSION = YES;
				CLANG_WARN_OBJC_ROOT_CLASS = YES_ERROR;
				CLANG_WARN_QUOTED_INCLUDE_IN_FRAMEWORK_HEADER = YES;
				CLANG_WARN_RANGE_LOOP_ANALYSIS = YES;
				CLANG_WARN_STRICT_PROTOTYPES = YES;
				CLANG_WARN_SUSPICIOUS_MOVE = YES;
				CLANG_WARN_UNGUARDED_AVAILABILITY = YES_AGGRESSIVE;
				CLANG_WARN_UNREACHABLE_CODE = YES;
				CLANG_WARN__DUPLICATE_METHOD_MATCH = YES;
				COPY_PHASE_STRIP = NO;
				DEBUG_INFORMATION_FORMAT = dwarf;
				ENABLE_STRICT_OBJC_MSGSEND = YES;
				ENABLE_TESTABILITY = YES;
				GCC_C_LANGUAGE_STANDARD = gnu11;
				GCC_DYNAMIC_NO_PIC = NO;
				GCC_NO_COMMON_BLOCKS = YES;
				GCC_OPTIMIZATION_LEVEL = 0;
				GCC_PREPROCESSOR_DEFINITIONS = (
					"DEBUG=1",
					"$(inherited)",
				);
				GCC_WARN_64_TO_32_BIT_CONVERSION = YES;
				GCC_WARN_ABOUT_RETURN_TYPE = YES_ERROR;
				GCC_WARN_UNDECLARED_SELECTOR = YES;
				GCC_WARN_UNINITIALIZED_AUTOS = YES_AGGRESSIVE;
				GCC_WARN_UNUSED_FUNCTION = YES;
				GCC_WARN_UNUSED_VARIABLE = YES;
				IPHONEOS_DEPLOYMENT_TARGET = 14.4;
				MTL_ENABLE_DEBUG_INFO = INCLUDE_SOURCE;
				MTL_FAST_MATH = YES;
				ONLY_ACTIVE_ARCH = YES;
				SDKROOT = iphoneos;
				SWIFT_ACTIVE_COMPILATION_CONDITIONS = DEBUG;
				SWIFT_OPTIMIZATION_LEVEL = "-Onone";
			};
			name = Debug;
		};
		D9AC78FC268215E9006D2007 /* Release */ = {
			isa = XCBuildConfiguration;
			buildSettings = {
				ALWAYS_SEARCH_USER_PATHS = NO;
				CLANG_ANALYZER_NONNULL = YES;
				CLANG_ANALYZER_NUMBER_OBJECT_CONVERSION = YES_AGGRESSIVE;
				CLANG_CXX_LANGUAGE_STANDARD = "gnu++14";
				CLANG_CXX_LIBRARY = "libc++";
				CLANG_ENABLE_MODULES = YES;
				CLANG_ENABLE_OBJC_ARC = YES;
				CLANG_ENABLE_OBJC_WEAK = YES;
				CLANG_WARN_BLOCK_CAPTURE_AUTORELEASING = YES;
				CLANG_WARN_BOOL_CONVERSION = YES;
				CLANG_WARN_COMMA = YES;
				CLANG_WARN_CONSTANT_CONVERSION = YES;
				CLANG_WARN_DEPRECATED_OBJC_IMPLEMENTATIONS = YES;
				CLANG_WARN_DIRECT_OBJC_ISA_USAGE = YES_ERROR;
				CLANG_WARN_DOCUMENTATION_COMMENTS = YES;
				CLANG_WARN_EMPTY_BODY = YES;
				CLANG_WARN_ENUM_CONVERSION = YES;
				CLANG_WARN_INFINITE_RECURSION = YES;
				CLANG_WARN_INT_CONVERSION = YES;
				CLANG_WARN_NON_LITERAL_NULL_CONVERSION = YES;
				CLANG_WARN_OBJC_IMPLICIT_RETAIN_SELF = YES;
				CLANG_WARN_OBJC_LITERAL_CONVERSION = YES;
				CLANG_WARN_OBJC_ROOT_CLASS = YES_ERROR;
				CLANG_WARN_QUOTED_INCLUDE_IN_FRAMEWORK_HEADER = YES;
				CLANG_WARN_RANGE_LOOP_ANALYSIS = YES;
				CLANG_WARN_STRICT_PROTOTYPES = YES;
				CLANG_WARN_SUSPICIOUS_MOVE = YES;
				CLANG_WARN_UNGUARDED_AVAILABILITY = YES_AGGRESSIVE;
				CLANG_WARN_UNREACHABLE_CODE = YES;
				CLANG_WARN__DUPLICATE_METHOD_MATCH = YES;
				COPY_PHASE_STRIP = NO;
				DEBUG_INFORMATION_FORMAT = "dwarf-with-dsym";
				ENABLE_NS_ASSERTIONS = NO;
				ENABLE_STRICT_OBJC_MSGSEND = YES;
				GCC_C_LANGUAGE_STANDARD = gnu11;
				GCC_NO_COMMON_BLOCKS = YES;
				GCC_WARN_64_TO_32_BIT_CONVERSION = YES;
				GCC_WARN_ABOUT_RETURN_TYPE = YES_ERROR;
				GCC_WARN_UNDECLARED_SELECTOR = YES;
				GCC_WARN_UNINITIALIZED_AUTOS = YES_AGGRESSIVE;
				GCC_WARN_UNUSED_FUNCTION = YES;
				GCC_WARN_UNUSED_VARIABLE = YES;
				IPHONEOS_DEPLOYMENT_TARGET = 14.4;
				MTL_ENABLE_DEBUG_INFO = NO;
				MTL_FAST_MATH = YES;
				SDKROOT = iphoneos;
				SWIFT_COMPILATION_MODE = wholemodule;
				SWIFT_OPTIMIZATION_LEVEL = "-O";
				VALIDATE_PRODUCT = YES;
			};
			name = Release;
		};
		D9AC78FE268215E9006D2007 /* Debug */ = {
			isa = XCBuildConfiguration;
			buildSettings = {
				ASSETCATALOG_COMPILER_APPICON_NAME = AppIcon;
				ASSETCATALOG_COMPILER_GLOBAL_ACCENT_COLOR_NAME = AccentColor;
				CODE_SIGN_STYLE = Automatic;
				DEVELOPMENT_ASSET_PATHS = "\"Fructus/Preview Content\"";
				DEVELOPMENT_TEAM = UK6Y67HR9Y;
				ENABLE_PREVIEWS = YES;
				INFOPLIST_FILE = Fructus/Info.plist;
				IPHONEOS_DEPLOYMENT_TARGET = 14.0;
				LD_RUNPATH_SEARCH_PATHS = (
					"$(inherited)",
					"@executable_path/Frameworks",
				);
				PRODUCT_BUNDLE_IDENTIFIER = com.Soda.test.Fructus;
				PRODUCT_NAME = "$(TARGET_NAME)";
				SWIFT_VERSION = 5.0;
				TARGETED_DEVICE_FAMILY = "1,2";
			};
			name = Debug;
		};
		D9AC78FF268215E9006D2007 /* Release */ = {
			isa = XCBuildConfiguration;
			buildSettings = {
				ASSETCATALOG_COMPILER_APPICON_NAME = AppIcon;
				ASSETCATALOG_COMPILER_GLOBAL_ACCENT_COLOR_NAME = AccentColor;
				CODE_SIGN_STYLE = Automatic;
				DEVELOPMENT_ASSET_PATHS = "\"Fructus/Preview Content\"";
				DEVELOPMENT_TEAM = UK6Y67HR9Y;
				ENABLE_PREVIEWS = YES;
				INFOPLIST_FILE = Fructus/Info.plist;
				IPHONEOS_DEPLOYMENT_TARGET = 14.0;
				LD_RUNPATH_SEARCH_PATHS = (
					"$(inherited)",
					"@executable_path/Frameworks",
				);
				PRODUCT_BUNDLE_IDENTIFIER = com.Soda.test.Fructus;
				PRODUCT_NAME = "$(TARGET_NAME)";
				SWIFT_VERSION = 5.0;
				TARGETED_DEVICE_FAMILY = "1,2";
			};
			name = Release;
		};
/* End XCBuildConfiguration section */

/* Begin XCConfigurationList section */
		D9AC78E9268215E7006D2007 /* Build configuration list for PBXProject "Fructus" */ = {
			isa = XCConfigurationList;
			buildConfigurations = (
				D9AC78FB268215E9006D2007 /* Debug */,
				D9AC78FC268215E9006D2007 /* Release */,
			);
			defaultConfigurationIsVisible = 0;
			defaultConfigurationName = Release;
		};
		D9AC78FD268215E9006D2007 /* Build configuration list for PBXNativeTarget "Fructus" */ = {
			isa = XCConfigurationList;
			buildConfigurations = (
				D9AC78FE268215E9006D2007 /* Debug */,
				D9AC78FF268215E9006D2007 /* Release */,
			);
			defaultConfigurationIsVisible = 0;
			defaultConfigurationName = Release;
		};
/* End XCConfigurationList section */
	};
	rootObject = D9AC78E6268215E7006D2007 /* Project object */;
}
